
Microsoft Visual Studio Solution File, Format Version 12.00
# Visual Studio Version 17
VisualStudioVersion = 17.7.34018.315
MinimumVisualStudioVersion = 10.0.40219.1
Project("{FAE04EC0-301F-11D3-BF4B-00C04F79EFBC}") = "Hotel", "Hotel\Hotel.csproj", "{CE9D8CE3-A3BE-4348-AE30-332657FF0885}"
EndProject
Global
	GlobalSection(SolutionConfigurationPlatforms) = preSolution
		Debug|Any CPU = Debug|Any CPU
		Release|Any CPU = Release|Any CPU
	EndGlobalSection
	GlobalSection(ProjectConfigurationPlatforms) = postSolution
		{CE9D8CE3-A3BE-4348-AE30-332657FF0885}.Debug|Any CPU.ActiveCfg = Debug|Any CPU
		{CE9D8CE3-A3BE-4348-AE30-332657FF0885}.Debug|Any CPU.Build.0 = Debug|Any CPU
		{CE9D8CE3-A3BE-4348-AE30-332657FF0885}.Release|Any CPU.ActiveCfg = Release|Any CPU
		{CE9D8CE3-A3BE-4348-AE30-332657FF0885}.Release|Any CPU.Build.0 = Release|Any CPU
	EndGlobalSection
	GlobalSection(SolutionProperties) = preSolution
		HideSolutionNode = FALSE
	EndGlobalSection
	GlobalSection(ExtensibilityGlobals) = postSolution
		SolutionGuid = {13F38CDE-5D43-4A24-A886-D86EA4018733}
	EndGlobalSection
EndGlobal
